
Microsoft Visual Studio Solution File, Format Version 12.00
# Visual Studio Version 16
VisualStudioVersion = 16.0.31729.503
MinimumVisualStudioVersion = 10.0.40219.1
Project("{FAE04EC0-301F-11D3-BF4B-00C04F79EFBC}") = "JYRAX.BL", "JYRAX.BL.csproj", "{AD8207CC-DDD9-4D3F-BA0E-978FCB48A3FC}"
EndProject
Global
	GlobalSection(SolutionConfigurationPlatforms) = preSolution
		Debug|Any CPU = Debug|Any CPU
		Release|Any CPU = Release|Any CPU
	EndGlobalSection
	GlobalSection(ProjectConfigurationPlatforms) = postSolution
		{AD8207CC-DDD9-4D3F-BA0E-978FCB48A3FC}.Debug|Any CPU.ActiveCfg = Debug|Any CPU
		{AD8207CC-DDD9-4D3F-BA0E-978FCB48A3FC}.Debug|Any CPU.Build.0 = Debug|Any CPU
		{AD8207CC-DDD9-4D3F-BA0E-978FCB48A3FC}.Release|Any CPU.ActiveCfg = Release|Any CPU
		{AD8207CC-DDD9-4D3F-BA0E-978FCB48A3FC}.Release|Any CPU.Build.0 = Release|Any CPU
	EndGlobalSection
	GlobalSection(SolutionProperties) = preSolution
		HideSolutionNode = FALSE
	EndGlobalSection
	GlobalSection(ExtensibilityGlobals) = postSolution
		SolutionGuid = {18F1F875-B3CE-4972-95A6-C182BD2C9664}
	EndGlobalSection
EndGlobal
